// !$*UTF8*$!
{
	archiveVersion = 1;
	classes = {
	};
	objectVersion = 77;
	objects = {

/* Begin PBXBuildFile section */
		177350E4B2A2743E313A5CEF /* TonightWidgetView.swift in Sources */ = {isa = PBXBuildFile; fileRef = 408EE72FA39C0BDE3FDA2FC3 /* TonightWidgetView.swift */; };
		181813D2F2A04B5EDC0379EA /* RealSky.swift in Sources */ = {isa = PBXBuildFile; fileRef = 726A6308FC0202124828D798 /* RealSky.swift */; };
		25869690169DA7AB3D4B444E /* MotionTilt.swift in Sources */ = {isa = PBXBuildFile; fileRef = E7C895A9689DFB8444878E5C /* MotionTilt.swift */; };
		277F8C64F0380157BE9D3093 /* MoonDisc.swift in Sources */ = {isa = PBXBuildFile; fileRef = CB0496C31EC5478AF4A4C90E /* MoonDisc.swift */; };
		4F83D43656FA1ABA1181846D /* parks.json in Resources */ = {isa = PBXBuildFile; fileRef = 0B8CFEEF4D0FA553056E4D4D /* parks.json */; };
		5769DE7B649E910C42AE7539 /* NightVisionIntent.swift in Sources */ = {isa = PBXBuildFile; fileRef = 6381DD05ED95379AD6F2E5F3 /* NightVisionIntent.swift */; };
		751C238C2F51F412EEB6F7B9 /* NyxWidgets.appex in Embed Foundation Extensions */ = {isa = PBXBuildFile; fileRef = FA5B722D8576099210CEB8CA /* NyxWidgets.appex */; settings = {ATTRIBUTES = (RemoveHeadersOnCopy, ); }; };
		7B520DF900AD765D92D34CF5 /* SkyConditions.swift in Sources */ = {isa = PBXBuildFile; fileRef = 7A820E0228800E1EC62C207A /* SkyConditions.swift */; };
		8AF09595A60522D6EE9CBC66 /* Localizable.xcstrings in Resources */ = {isa = PBXBuildFile; fileRef = 0216AB7D680D48E2BECFCF77 /* Localizable.xcstrings */; };
		AF24D894FCF0DEF9CC4E43E1 /* Park.swift in Sources */ = {isa = PBXBuildFile; fileRef = 7B2DDCA9223A4636BA869DB4 /* Park.swift */; };
		C9F0768C052F087567974AC7 /* AstronomyEngine.swift in Sources */ = {isa = PBXBuildFile; fileRef = 8F02DA80F0AA104580F26A63 /* AstronomyEngine.swift */; };
		D62DC582CFEE25E121C3775F /* NyxTheme.swift in Sources */ = {isa = PBXBuildFile; fileRef = D6B6DFF357D0AF7D5547721C /* NyxTheme.swift */; };
		EBBAD56F2570D736DC565B9D /* DataServices.swift in Sources */ = {isa = PBXBuildFile; fileRef = 976C9F1742C2EE997BBE289E /* DataServices.swift */; };
		F4C49C384BFCA11DA76FEF72 /* ScoreEngine.swift in Sources */ = {isa = PBXBuildFile; fileRef = A9FFF00C5D20BECAF203358C /* ScoreEngine.swift */; };
		F922D26269FF4D42BAEC827E /* SharedSettings.swift in Sources */ = {isa = PBXBuildFile; fileRef = E051542A3954F87E88506B77 /* SharedSettings.swift */; };
		F959A114149CD1E965A35078 /* stars.json in Resources */ = {isa = PBXBuildFile; fileRef = FBE93CD7AB4547DBEB7286F4 /* stars.json */; };
		FF87A6B40581265EA3EFA16B /* Starfield.swift in Sources */ = {isa = PBXBuildFile; fileRef = 6967BB7A4C4C54513C5F3A49 /* Starfield.swift */; };
/* End PBXBuildFile section */

/* Begin PBXContainerItemProxy section */
		1042073ABA0CEA0053190CA6 /* PBXContainerItemProxy */ = {
			isa = PBXContainerItemProxy;
			containerPortal = 3B2DE3D8B000D0D9ED3C53AC /* Project object */;
			proxyType = 1;
			remoteGlobalIDString = 0A5547B7F4020EE942D01DA6;
			remoteInfo = Nyx;
		};
		8D553FD79B3891F7AB06AE98 /* PBXContainerItemProxy */ = {
			isa = PBXContainerItemProxy;
			containerPortal = 3B2DE3D8B000D0D9ED3C53AC /* Project object */;
			proxyType = 1;
			remoteGlobalIDString = 1C08AA3770ABC4BE10D980C7;
			remoteInfo = NyxWidgets;
		};
		E3EC165FDA5FCED4094FB540 /* PBXContainerItemProxy */ = {
			isa = PBXContainerItemProxy;
			containerPortal = 3B2DE3D8B000D0D9ED3C53AC /* Project object */;
			proxyType = 1;
			remoteGlobalIDString = 0A5547B7F4020EE942D01DA6;
			remoteInfo = Nyx;
		};
/* End PBXContainerItemProxy section */

/* Begin PBXCopyFilesBuildPhase section */
		BAB009E6D388AAD1624DF040 /* Embed Foundation Extensions */ = {
			isa = PBXCopyFilesBuildPhase;
			buildActionMask = 2147483647;
			dstPath = "";
			dstSubfolderSpec = 13;
			files = (
				751C238C2F51F412EEB6F7B9 /* NyxWidgets.appex in Embed Foundation Extensions */,
			);
			name = "Embed Foundation Extensions";
			runOnlyForDeploymentPostprocessing = 0;
		};
/* End PBXCopyFilesBuildPhase section */

/* Begin PBXFileReference section */
		0216AB7D680D48E2BECFCF77 /* Localizable.xcstrings */ = {isa = PBXFileReference; lastKnownFileType = text.json.xcstrings; path = Localizable.xcstrings; sourceTree = "<group>"; };
		0B8CFEEF4D0FA553056E4D4D /* parks.json */ = {isa = PBXFileReference; lastKnownFileType = text.json; path = parks.json; sourceTree = "<group>"; };
		3883DF0B22709FB826986A9C /* NyxTests.xctest */ = {isa = PBXFileReference; includeInIndex = 0; lastKnownFileType = wrapper.cfbundle; path = NyxTests.xctest; sourceTree = BUILT_PRODUCTS_DIR; };
		408EE72FA39C0BDE3FDA2FC3 /* TonightWidgetView.swift */ = {isa = PBXFileReference; lastKnownFileType = sourcecode.swift; path = TonightWidgetView.swift; sourceTree = "<group>"; };
		6381DD05ED95379AD6F2E5F3 /* NightVisionIntent.swift */ = {isa = PBXFileReference; lastKnownFileType = sourcecode.swift; path = NightVisionIntent.swift; sourceTree = "<group>"; };
		6967BB7A4C4C54513C5F3A49 /* Starfield.swift */ = {isa = PBXFileReference; lastKnownFileType = sourcecode.swift; path = Starfield.swift; sourceTree = "<group>"; };
		726A6308FC0202124828D798 /* RealSky.swift */ = {isa = PBXFileReference; lastKnownFileType = sourcecode.swift; path = RealSky.swift; sourceTree = "<group>"; };
		7A820E0228800E1EC62C207A /* SkyConditions.swift */ = {isa = PBXFileReference; lastKnownFileType = sourcecode.swift; path = SkyConditions.swift; sourceTree = "<group>"; };
		7B2DDCA9223A4636BA869DB4 /* Park.swift */ = {isa = PBXFileReference; lastKnownFileType = sourcecode.swift; path = Park.swift; sourceTree = "<group>"; };
		8F02DA80F0AA104580F26A63 /* AstronomyEngine.swift */ = {isa = PBXFileReference; lastKnownFileType = sourcecode.swift; path = AstronomyEngine.swift; sourceTree = "<group>"; };
		976C9F1742C2EE997BBE289E /* DataServices.swift */ = {isa = PBXFileReference; lastKnownFileType = sourcecode.swift; path = DataServices.swift; sourceTree = "<group>"; };
		A9FFF00C5D20BECAF203358C /* ScoreEngine.swift */ = {isa = PBXFileReference; lastKnownFileType = sourcecode.swift; path = ScoreEngine.swift; sourceTree = "<group>"; };
		AA589DE85797E6C559AB746B /* Nyx.app */ = {isa = PBXFileReference; includeInIndex = 0; lastKnownFileType = wrapper.application; path = Nyx.app; sourceTree = BUILT_PRODUCTS_DIR; };
		C2B255D63E873FD4422C672B /* Nyx.xcconfig */ = {isa = PBXFileReference; lastKnownFileType = text.xcconfig; path = Nyx.xcconfig; sourceTree = "<group>"; };
		C6A1336554FE05CE9EA9906B /* NyxUITests.xctest */ = {isa = PBXFileReference; includeInIndex = 0; lastKnownFileType = wrapper.cfbundle; path = NyxUITests.xctest; sourceTree = BUILT_PRODUCTS_DIR; };
		CB0496C31EC5478AF4A4C90E /* MoonDisc.swift */ = {isa = PBXFileReference; lastKnownFileType = sourcecode.swift; path = MoonDisc.swift; sourceTree = "<group>"; };
		D6B6DFF357D0AF7D5547721C /* NyxTheme.swift */ = {isa = PBXFileReference; lastKnownFileType = sourcecode.swift; path = NyxTheme.swift; sourceTree = "<group>"; };
		E051542A3954F87E88506B77 /* SharedSettings.swift */ = {isa = PBXFileReference; lastKnownFileType = sourcecode.swift; path = SharedSettings.swift; sourceTree = "<group>"; };
		E7C895A9689DFB8444878E5C /* MotionTilt.swift */ = {isa = PBXFileReference; lastKnownFileType = sourcecode.swift; path = MotionTilt.swift; sourceTree = "<group>"; };
		FA5B722D8576099210CEB8CA /* NyxWidgets.appex */ = {isa = PBXFileReference; includeInIndex = 0; lastKnownFileType = "wrapper.app-extension"; path = NyxWidgets.appex; sourceTree = BUILT_PRODUCTS_DIR; };
		FBE93CD7AB4547DBEB7286F4 /* stars.json */ = {isa = PBXFileReference; lastKnownFileType = text.json; path = stars.json; sourceTree = "<group>"; };
/* End PBXFileReference section */

/* Begin PBXFileSystemSynchronizedRootGroup section */
		7A5BE32B9081D66DE8C152A9 /* Nyx */ = {
			isa = PBXFileSystemSynchronizedRootGroup;
			explicitFileTypes = {
			};
			explicitFolders = (
			);
			path = Nyx;
			sourceTree = "<group>";
		};
		7FBCE4E226E945E14F5B033B /* NyxWidgets */ = {
			isa = PBXFileSystemSynchronizedRootGroup;
			explicitFileTypes = {
			};
			explicitFolders = (
			);
			path = NyxWidgets;
			sourceTree = "<group>";
		};
		91BEC42ACC3D532DD1C25BC2 /* NyxTests */ = {
			isa = PBXFileSystemSynchronizedRootGroup;
			explicitFileTypes = {
			};
			explicitFolders = (
			);
			path = NyxTests;
			sourceTree = "<group>";
		};
		C9A570BE0B74B70D0E2873A4 /* NyxUITests */ = {
			isa = PBXFileSystemSynchronizedRootGroup;
			explicitFileTypes = {
			};
			explicitFolders = (
			);
			path = NyxUITests;
			sourceTree = "<group>";
		};
/* End PBXFileSystemSynchronizedRootGroup section */

/* Begin PBXGroup section */
		08FE558036932661F8C0CE92 /* Services */ = {
			isa = PBXGroup;
			children = (
				8F02DA80F0AA104580F26A63 /* AstronomyEngine.swift */,
				976C9F1742C2EE997BBE289E /* DataServices.swift */,
				A9FFF00C5D20BECAF203358C /* ScoreEngine.swift */,
				E051542A3954F87E88506B77 /* SharedSettings.swift */,
			);
			path = Services;
			sourceTree = "<group>";
		};
		3012C7130E736DD7E6A0B52B /* Resources */ = {
			isa = PBXGroup;
			children = (
				0216AB7D680D48E2BECFCF77 /* Localizable.xcstrings */,
				0B8CFEEF4D0FA553056E4D4D /* parks.json */,
				FBE93CD7AB4547DBEB7286F4 /* stars.json */,
			);
			path = Resources;
			sourceTree = "<group>";
		};
		569B78DBBD2892F506E07B16 = {
			isa = PBXGroup;
			children = (
				6A17ED8BAE018F61B73A02CA /* Config */,
				7A5BE32B9081D66DE8C152A9 /* Nyx */,
				572A8226324E98790B53E82D /* Nyx */,
				91BEC42ACC3D532DD1C25BC2 /* NyxTests */,
				C9A570BE0B74B70D0E2873A4 /* NyxUITests */,
				7FBCE4E226E945E14F5B033B /* NyxWidgets */,
				C6C977DAF6E4DA8EAE489090 /* Products */,
			);
			sourceTree = "<group>";
		};
		572A8226324E98790B53E82D /* Nyx */ = {
			isa = PBXGroup;
			children = (
				BA145519602F4507E881CF90 /* DesignSystem */,
				7A67972A0617F309B1FD0407 /* Intents */,
				760258CCF55DD0094C511477 /* Models */,
				3012C7130E736DD7E6A0B52B /* Resources */,
				08FE558036932661F8C0CE92 /* Services */,
			);
			path = Nyx;
			sourceTree = "<group>";
		};
		6A17ED8BAE018F61B73A02CA /* Config */ = {
			isa = PBXGroup;
			children = (
				C2B255D63E873FD4422C672B /* Nyx.xcconfig */,
			);
			path = Config;
			sourceTree = "<group>";
		};
		760258CCF55DD0094C511477 /* Models */ = {
			isa = PBXGroup;
			children = (
				7B2DDCA9223A4636BA869DB4 /* Park.swift */,
				7A820E0228800E1EC62C207A /* SkyConditions.swift */,
			);
			path = Models;
			sourceTree = "<group>";
		};
		7A67972A0617F309B1FD0407 /* Intents */ = {
			isa = PBXGroup;
			children = (
				6381DD05ED95379AD6F2E5F3 /* NightVisionIntent.swift */,
			);
			path = Intents;
			sourceTree = "<group>";
		};
		BA145519602F4507E881CF90 /* DesignSystem */ = {
			isa = PBXGroup;
			children = (
				CB0496C31EC5478AF4A4C90E /* MoonDisc.swift */,
				E7C895A9689DFB8444878E5C /* MotionTilt.swift */,
				D6B6DFF357D0AF7D5547721C /* NyxTheme.swift */,
				726A6308FC0202124828D798 /* RealSky.swift */,
				6967BB7A4C4C54513C5F3A49 /* Starfield.swift */,
				408EE72FA39C0BDE3FDA2FC3 /* TonightWidgetView.swift */,
			);
			path = DesignSystem;
			sourceTree = "<group>";
		};
		C6C977DAF6E4DA8EAE489090 /* Products */ = {
			isa = PBXGroup;
			children = (
				AA589DE85797E6C559AB746B /* Nyx.app */,
				3883DF0B22709FB826986A9C /* NyxTests.xctest */,
				C6A1336554FE05CE9EA9906B /* NyxUITests.xctest */,
				FA5B722D8576099210CEB8CA /* NyxWidgets.appex */,
			);
			name = Products;
			sourceTree = "<group>";
		};
/* End PBXGroup section */

/* Begin PBXNativeTarget section */
		0A5547B7F4020EE942D01DA6 /* Nyx */ = {
			isa = PBXNativeTarget;
			buildConfigurationList = D2AE323B373CBF347CAED279 /* Build configuration list for PBXNativeTarget "Nyx" */;
			buildPhases = (
				6A9B704D1082D7C0A158B7FF /* Sources */,
				A7E799A6D9F1B899FC1EF092 /* Resources */,
				BAB009E6D388AAD1624DF040 /* Embed Foundation Extensions */,
			);
			buildRules = (
			);
			dependencies = (
				48A027002D5D29C049984CE7 /* PBXTargetDependency */,
			);
			fileSystemSynchronizedGroups = (
				7A5BE32B9081D66DE8C152A9 /* Nyx */,
			);
			name = Nyx;
			packageProductDependencies = (
			);
			productName = Nyx;
			productReference = AA589DE85797E6C559AB746B /* Nyx.app */;
			productType = "com.apple.product-type.application";
		};
		1C08AA3770ABC4BE10D980C7 /* NyxWidgets */ = {
			isa = PBXNativeTarget;
			buildConfigurationList = 785C554747E5C87BEE0DE623 /* Build configuration list for PBXNativeTarget "NyxWidgets" */;
			buildPhases = (
				79F4C3F3E9B2B801E42CDBA8 /* Sources */,
				764F4B1206D3D4F22ABA4C57 /* Resources */,
			);
			buildRules = (
			);
			dependencies = (
			);
			fileSystemSynchronizedGroups = (
				7FBCE4E226E945E14F5B033B /* NyxWidgets */,
			);
			name = NyxWidgets;
			packageProductDependencies = (
			);
			productName = NyxWidgets;
			productReference = FA5B722D8576099210CEB8CA /* NyxWidgets.appex */;
			productType = "com.apple.product-type.app-extension";
		};
		35EEA7F15A5144F18CBA3158 /* NyxUITests */ = {
			isa = PBXNativeTarget;
			buildConfigurationList = ED4CF400F3DBEF5B4643E617 /* Build configuration list for PBXNativeTarget "NyxUITests" */;
			buildPhases = (
				E86B5928E777CA9F5C1DB1CF /* Sources */,
				6D98CEA6E9B261416440E889 /* Resources */,
			);
			buildRules = (
			);
			dependencies = (
				F517AB2382ED8132739B40A7 /* PBXTargetDependency */,
			);
			fileSystemSynchronizedGroups = (
				C9A570BE0B74B70D0E2873A4 /* NyxUITests */,
			);
			name = NyxUITests;
			packageProductDependencies = (
			);
			productName = NyxUITests;
			productReference = C6A1336554FE05CE9EA9906B /* NyxUITests.xctest */;
			productType = "com.apple.product-type.bundle.ui-testing";
		};
		854F1CAF019EEA9E852C4585 /* NyxTests */ = {
			isa = PBXNativeTarget;
			buildConfigurationList = 95D139A2BAA0499000AEA765 /* Build configuration list for PBXNativeTarget "NyxTests" */;
			buildPhases = (
				75EC3E9F8200D595C2DCA896 /* Sources */,
				8937CA544265ABB3D4DC6840 /* Resources */,
			);
			buildRules = (
			);
			dependencies = (
				A7161FD3EA7E381C9C1519FB /* PBXTargetDependency */,
			);
			fileSystemSynchronizedGroups = (
				91BEC42ACC3D532DD1C25BC2 /* NyxTests */,
			);
			name = NyxTests;
			packageProductDependencies = (
			);
			productName = NyxTests;
			productReference = 3883DF0B22709FB826986A9C /* NyxTests.xctest */;
			productType = "com.apple.product-type.bundle.unit-test";
		};
/* End PBXNativeTarget section */

/* Begin PBXProject section */
		3B2DE3D8B000D0D9ED3C53AC /* Project object */ = {
			isa = PBXProject;
			attributes = {
				BuildIndependentTargetsInParallel = YES;
				LastUpgradeCheck = 1430;
				TargetAttributes = {
					0A5547B7F4020EE942D01DA6 = {
						DevelopmentTeam = DUHVN68KBA;
						ProvisioningStyle = Automatic;
					};
					1C08AA3770ABC4BE10D980C7 = {
						DevelopmentTeam = DUHVN68KBA;
						ProvisioningStyle = Automatic;
					};
					35EEA7F15A5144F18CBA3158 = {
						DevelopmentTeam = DUHVN68KBA;
						ProvisioningStyle = Automatic;
						TestTargetID = 0A5547B7F4020EE942D01DA6;
					};
					854F1CAF019EEA9E852C4585 = {
						DevelopmentTeam = DUHVN68KBA;
						ProvisioningStyle = Automatic;
					};
				};
			};
			buildConfigurationList = 35DBE5EFDB6C5F8237D10EDD /* Build configuration list for PBXProject "Nyx" */;
			developmentRegion = en;
			hasScannedForEncodings = 0;
			knownRegions = (
				Base,
				en,
			);
			mainGroup = 569B78DBBD2892F506E07B16;
			minimizedProjectReferenceProxies = 1;
			preferredProjectObjectVersion = 77;
			productRefGroup = C6C977DAF6E4DA8EAE489090 /* Products */;
			projectDirPath = "";
			projectRoot = "";
			targets = (
				0A5547B7F4020EE942D01DA6 /* Nyx */,
				1C08AA3770ABC4BE10D980C7 /* NyxWidgets */,
				854F1CAF019EEA9E852C4585 /* NyxTests */,
				35EEA7F15A5144F18CBA3158 /* NyxUITests */,
			);
		};
/* End PBXProject section */

/* Begin PBXResourcesBuildPhase section */
		6D98CEA6E9B261416440E889 /* Resources */ = {
			isa = PBXResourcesBuildPhase;
			buildActionMask = 2147483647;
			files = (
			);
			runOnlyForDeploymentPostprocessing = 0;
		};
		764F4B1206D3D4F22ABA4C57 /* Resources */ = {
			isa = PBXResourcesBuildPhase;
			buildActionMask = 2147483647;
			files = (
				8AF09595A60522D6EE9CBC66 /* Localizable.xcstrings in Resources */,
				4F83D43656FA1ABA1181846D /* parks.json in Resources */,
				F959A114149CD1E965A35078 /* stars.json in Resources */,
			);
			runOnlyForDeploymentPostprocessing = 0;
		};
		8937CA544265ABB3D4DC6840 /* Resources */ = {
			isa = PBXResourcesBuildPhase;
			buildActionMask = 2147483647;
			files = (
			);
			runOnlyForDeploymentPostprocessing = 0;
		};
		A7E799A6D9F1B899FC1EF092 /* Resources */ = {
			isa = PBXResourcesBuildPhase;
			buildActionMask = 2147483647;
			files = (
			);
			runOnlyForDeploymentPostprocessing = 0;
		};
/* End PBXResourcesBuildPhase section */

/* Begin PBXSourcesBuildPhase section */
		6A9B704D1082D7C0A158B7FF /* Sources */ = {
			isa = PBXSourcesBuildPhase;
			buildActionMask = 2147483647;
			files = (
			);
			runOnlyForDeploymentPostprocessing = 0;
		};
		75EC3E9F8200D595C2DCA896 /* Sources */ = {
			isa = PBXSourcesBuildPhase;
			buildActionMask = 2147483647;
			files = (
			);
			runOnlyForDeploymentPostprocessing = 0;
		};
		79F4C3F3E9B2B801E42CDBA8 /* Sources */ = {
			isa = PBXSourcesBuildPhase;
			buildActionMask = 2147483647;
			files = (
				C9F0768C052F087567974AC7 /* AstronomyEngine.swift in Sources */,
				EBBAD56F2570D736DC565B9D /* DataServices.swift in Sources */,
				277F8C64F0380157BE9D3093 /* MoonDisc.swift in Sources */,
				25869690169DA7AB3D4B444E /* MotionTilt.swift in Sources */,
				5769DE7B649E910C42AE7539 /* NightVisionIntent.swift in Sources */,
				D62DC582CFEE25E121C3775F /* NyxTheme.swift in Sources */,
				AF24D894FCF0DEF9CC4E43E1 /* Park.swift in Sources */,
				181813D2F2A04B5EDC0379EA /* RealSky.swift in Sources */,
				F4C49C384BFCA11DA76FEF72 /* ScoreEngine.swift in Sources */,
				F922D26269FF4D42BAEC827E /* SharedSettings.swift in Sources */,
				7B520DF900AD765D92D34CF5 /* SkyConditions.swift in Sources */,
				FF87A6B40581265EA3EFA16B /* Starfield.swift in Sources */,
				177350E4B2A2743E313A5CEF /* TonightWidgetView.swift in Sources */,
			);
			runOnlyForDeploymentPostprocessing = 0;
		};
		E86B5928E777CA9F5C1DB1CF /* Sources */ = {
			isa = PBXSourcesBuildPhase;
			buildActionMask = 2147483647;
			files = (
			);
			runOnlyForDeploymentPostprocessing = 0;
		};
/* End PBXSourcesBuildPhase section */

/* Begin PBXTargetDependency section */
		48A027002D5D29C049984CE7 /* PBXTargetDependency */ = {
			isa = PBXTargetDependency;
			target = 1C08AA3770ABC4BE10D980C7 /* NyxWidgets */;
			targetProxy = 8D553FD79B3891F7AB06AE98 /* PBXContainerItemProxy */;
		};
		A7161FD3EA7E381C9C1519FB /* PBXTargetDependency */ = {
			isa = PBXTargetDependency;
			target = 0A5547B7F4020EE942D01DA6 /* Nyx */;
			targetProxy = E3EC165FDA5FCED4094FB540 /* PBXContainerItemProxy */;
		};
		F517AB2382ED8132739B40A7 /* PBXTargetDependency */ = {
			isa = PBXTargetDependency;
			target = 0A5547B7F4020EE942D01DA6 /* Nyx */;
			targetProxy = 1042073ABA0CEA0053190CA6 /* PBXContainerItemProxy */;
		};
/* End PBXTargetDependency section */

/* Begin XCBuildConfiguration section */
		1DF95B234AD110CC5265BE3E /* Release */ = {
			isa = XCBuildConfiguration;
			baseConfigurationReference = C2B255D63E873FD4422C672B /* Nyx.xcconfig */;
			buildSettings = {
				ASSETCATALOG_COMPILER_APPICON_NAME = AppIcon;
				ASSETCATALOG_COMPILER_GLOBAL_ACCENT_COLOR_NAME = AccentColor;
				CODE_SIGN_ENTITLEMENTS = Config/Nyx.entitlements;
				CODE_SIGN_IDENTITY = "iPhone Developer";
				ENABLE_PREVIEWS = YES;
				GENERATE_INFOPLIST_FILE = YES;
				INFOPLIST_FILE = "Config/Nyx-Info.plist";
				INFOPLIST_KEY_CFBundleDisplayName = Nyx;
				INFOPLIST_KEY_ITSAppUsesNonExemptEncryption = NO;
				INFOPLIST_KEY_NSLocationWhenInUseUsageDescription = "Nyx uses your location on this iPhone to find nearby national parks. Your location is never sent to a service.";
				INFOPLIST_KEY_UIApplicationSceneManifest_Generation = YES;
				INFOPLIST_KEY_UIApplicationSupportsIndirectInputEvents = YES;
				INFOPLIST_KEY_UILaunchScreen_Generation = YES;
				INFOPLIST_KEY_UISupportedInterfaceOrientations = UIInterfaceOrientationPortrait;
				INFOPLIST_KEY_UIUserInterfaceStyle = Dark;
				LD_RUNPATH_SEARCH_PATHS = (
					"$(inherited)",
					"@executable_path/Frameworks",
				);
				PRODUCT_BUNDLE_IDENTIFIER = com.harrypakhale.nyx;
				PRODUCT_NAME = Nyx;
				SDKROOT = iphoneos;
				SWIFT_DEFAULT_ACTOR_ISOLATION = MainActor;
				TARGETED_DEVICE_FAMILY = 1;
			};
			name = Release;
		};
		311460C3516466BB9AB49E67 /* Debug */ = {
			isa = XCBuildConfiguration;
			baseConfigurationReference = C2B255D63E873FD4422C672B /* Nyx.xcconfig */;
			buildSettings = {
				ASSETCATALOG_COMPILER_APPICON_NAME = AppIcon;
				ASSETCATALOG_COMPILER_GLOBAL_ACCENT_COLOR_NAME = AccentColor;
				CODE_SIGN_ENTITLEMENTS = Config/Nyx.entitlements;
				CODE_SIGN_IDENTITY = "iPhone Developer";
				ENABLE_PREVIEWS = YES;
				GENERATE_INFOPLIST_FILE = YES;
				INFOPLIST_FILE = "Config/Nyx-Info.plist";
				INFOPLIST_KEY_CFBundleDisplayName = Nyx;
				INFOPLIST_KEY_ITSAppUsesNonExemptEncryption = NO;
				INFOPLIST_KEY_NSLocationWhenInUseUsageDescription = "Nyx uses your location on this iPhone to find nearby national parks. Your location is never sent to a service.";
				INFOPLIST_KEY_UIApplicationSceneManifest_Generation = YES;
				INFOPLIST_KEY_UIApplicationSupportsIndirectInputEvents = YES;
				INFOPLIST_KEY_UILaunchScreen_Generation = YES;
				INFOPLIST_KEY_UISupportedInterfaceOrientations = UIInterfaceOrientationPortrait;
				INFOPLIST_KEY_UIUserInterfaceStyle = Dark;
				LD_RUNPATH_SEARCH_PATHS = (
					"$(inherited)",
					"@executable_path/Frameworks",
				);
				PRODUCT_BUNDLE_IDENTIFIER = com.harrypakhale.nyx;
				PRODUCT_NAME = Nyx;
				SDKROOT = iphoneos;
				SWIFT_DEFAULT_ACTOR_ISOLATION = MainActor;
				TARGETED_DEVICE_FAMILY = 1;
			};
			name = Debug;
		};
		568A2686F35CF79DC6FC6544 /* Debug */ = {
			isa = XCBuildConfiguration;
			buildSettings = {
				BUNDLE_LOADER = "$(TEST_HOST)";
				GENERATE_INFOPLIST_FILE = YES;
				LD_RUNPATH_SEARCH_PATHS = (
					"$(inherited)",
					"@executable_path/Frameworks",
					"@loader_path/Frameworks",
				);
				PRODUCT_BUNDLE_IDENTIFIER = com.harrypakhale.nyx.tests;
				SDKROOT = iphoneos;
				TARGETED_DEVICE_FAMILY = 1;
				TEST_HOST = "$(BUILT_PRODUCTS_DIR)/Nyx.app/Nyx";
			};
			name = Debug;
		};
		80A612BD5A59A9A9EED2D89E /* Release */ = {
			isa = XCBuildConfiguration;
			buildSettings = {
				CODE_SIGN_ENTITLEMENTS = Config/NyxWidgets.entitlements;
				ENABLE_PREVIEWS = YES;
				GENERATE_INFOPLIST_FILE = YES;
				INFOPLIST_FILE = "Config/NyxWidgets-Info.plist";
				INFOPLIST_KEY_CFBundleDisplayName = Nyx;
				LD_RUNPATH_SEARCH_PATHS = "$(inherited) @executable_path/Frameworks @executable_path/../../Frameworks";
				PRODUCT_BUNDLE_IDENTIFIER = com.harrypakhale.nyx.widgets;
				SDKROOT = iphoneos;
				SKIP_INSTALL = YES;
				SWIFT_DEFAULT_ACTOR_ISOLATION = MainActor;
				TARGETED_DEVICE_FAMILY = 1;
			};
			name = Release;
		};
		83E045E4B4896DCF84D38C73 /* Debug */ = {
			isa = XCBuildConfiguration;
			buildSettings = {
				BUNDLE_LOADER = "$(TEST_HOST)";
				GENERATE_INFOPLIST_FILE = YES;
				LD_RUNPATH_SEARCH_PATHS = (
					"$(inherited)",
					"@executable_path/Frameworks",
					"@loader_path/Frameworks",
				);
				PRODUCT_BUNDLE_IDENTIFIER = com.harrypakhale.nyx.uitests;
				SDKROOT = iphoneos;
				TARGETED_DEVICE_FAMILY = 1;
				TEST_TARGET_NAME = Nyx;
			};
			name = Debug;
		};
		9AF55E08FC048C0E40968C66 /* Release */ = {
			isa = XCBuildConfiguration;
			buildSettings = {
				BUNDLE_LOADER = "$(TEST_HOST)";
				GENERATE_INFOPLIST_FILE = YES;
				LD_RUNPATH_SEARCH_PATHS = (
					"$(inherited)",
					"@executable_path/Frameworks",
					"@loader_path/Frameworks",
				);
				PRODUCT_BUNDLE_IDENTIFIER = com.harrypakhale.nyx.uitests;
				SDKROOT = iphoneos;
				TARGETED_DEVICE_FAMILY = 1;
				TEST_TARGET_NAME = Nyx;
			};
			name = Release;
		};
		ACE17A140257E877B5F6BAE7 /* Release */ = {
			isa = XCBuildConfiguration;
			buildSettings = {
				BUNDLE_LOADER = "$(TEST_HOST)";
				GENERATE_INFOPLIST_FILE = YES;
				LD_RUNPATH_SEARCH_PATHS = (
					"$(inherited)",
					"@executable_path/Frameworks",
					"@loader_path/Frameworks",
				);
				PRODUCT_BUNDLE_IDENTIFIER = com.harrypakhale.nyx.tests;
				SDKROOT = iphoneos;
				TARGETED_DEVICE_FAMILY = 1;
				TEST_HOST = "$(BUILT_PRODUCTS_DIR)/Nyx.app/Nyx";
			};
			name = Release;
		};
		B71EF4A52132F8E45AC167F2 /* Debug */ = {
			isa = XCBuildConfiguration;
			buildSettings = {
				ALWAYS_SEARCH_USER_PATHS = NO;
				CLANG_ANALYZER_NONNULL = YES;
				CLANG_ANALYZER_NUMBER_OBJECT_CONVERSION = YES_AGGRESSIVE;
				CLANG_CXX_LANGUAGE_STANDARD = "gnu++14";
				CLANG_CXX_LIBRARY = "libc++";
				CLANG_ENABLE_MODULES = YES;
				CLANG_ENABLE_OBJC_ARC = YES;
				CLANG_ENABLE_OBJC_WEAK = YES;
				CLANG_WARN_BLOCK_CAPTURE_AUTORELEASING = YES;
				CLANG_WARN_BOOL_CONVERSION = YES;
				CLANG_WARN_COMMA = YES;
				CLANG_WARN_CONSTANT_CONVERSION = YES;
				CLANG_WARN_DEPRECATED_OBJC_IMPLEMENTATIONS = YES;
				CLANG_WARN_DIRECT_OBJC_ISA_USAGE = YES_ERROR;
				CLANG_WARN_DOCUMENTATION_COMMENTS = YES;
				CLANG_WARN_EMPTY_BODY = YES;
				CLANG_WARN_ENUM_CONVERSION = YES;
				CLANG_WARN_INFINITE_RECURSION = YES;
				CLANG_WARN_INT_CONVERSION = YES;
				CLANG_WARN_NON_LITERAL_NULL_CONVERSION = YES;
				CLANG_WARN_OBJC_IMPLICIT_RETAIN_SELF = YES;
				CLANG_WARN_OBJC_LITERAL_CONVERSION = YES;
				CLANG_WARN_OBJC_ROOT_CLASS = YES_ERROR;
				CLANG_WARN_QUOTED_INCLUDE_IN_FRAMEWORK_HEADER = YES;
				CLANG_WARN_RANGE_LOOP_ANALYSIS = YES;
				CLANG_WARN_STRICT_PROTOTYPES = YES;
				CLANG_WARN_SUSPICIOUS_MOVE = YES;
				CLANG_WARN_UNGUARDED_AVAILABILITY = YES_AGGRESSIVE;
				CLANG_WARN_UNREACHABLE_CODE = YES;
				CLANG_WARN__DUPLICATE_METHOD_MATCH = YES;
				CODE_SIGN_STYLE = Automatic;
				COPY_PHASE_STRIP = NO;
				CURRENT_PROJECT_VERSION = 2;
				DEBUG_INFORMATION_FORMAT = dwarf;
				DEVELOPMENT_TEAM = DUHVN68KBA;
				ENABLE_STRICT_OBJC_MSGSEND = YES;
				ENABLE_TESTABILITY = YES;
				ENABLE_USER_SCRIPT_SANDBOXING = YES;
				GCC_C_LANGUAGE_STANDARD = gnu11;
				GCC_DYNAMIC_NO_PIC = NO;
				GCC_NO_COMMON_BLOCKS = YES;
				GCC_OPTIMIZATION_LEVEL = 0;
				GCC_PREPROCESSOR_DEFINITIONS = (
					"$(inherited)",
					"DEBUG=1",
				);
				GCC_TREAT_WARNINGS_AS_ERRORS = YES;
				GCC_WARN_64_TO_32_BIT_CONVERSION = YES;
				GCC_WARN_ABOUT_RETURN_TYPE = YES_ERROR;
				GCC_WARN_UNDECLARED_SELECTOR = YES;
				GCC_WARN_UNINITIALIZED_AUTOS = YES_AGGRESSIVE;
				GCC_WARN_UNUSED_FUNCTION = YES;
				GCC_WARN_UNUSED_VARIABLE = YES;
				IPHONEOS_DEPLOYMENT_TARGET = 26.0;
				LOCALIZATION_PREFERS_STRING_CATALOGS = YES;
				MARKETING_VERSION = 1.0;
				MTL_ENABLE_DEBUG_INFO = INCLUDE_SOURCE;
				MTL_FAST_MATH = YES;
				ONLY_ACTIVE_ARCH = YES;
				PRODUCT_NAME = "$(TARGET_NAME)";
				SDKROOT = iphoneos;
				STRING_CATALOG_GENERATE_SYMBOLS = NO;
				SWIFT_ACTIVE_COMPILATION_CONDITIONS = DEBUG;
				SWIFT_APPROACHABLE_CONCURRENCY = YES;
				SWIFT_EMIT_LOC_STRINGS = YES;
				SWIFT_OPTIMIZATION_LEVEL = "-Onone";
				SWIFT_TREAT_WARNINGS_AS_ERRORS = YES;
				SWIFT_VERSION = 6.0;
				TARGETED_DEVICE_FAMILY = 1;
			};
			name = Debug;
		};
		D882C546F8C830C90D8D5333 /* Release */ = {
			isa = XCBuildConfiguration;
			buildSettings = {
				ALWAYS_SEARCH_USER_PATHS = NO;
				CLANG_ANALYZER_NONNULL = YES;
				CLANG_ANALYZER_NUMBER_OBJECT_CONVERSION = YES_AGGRESSIVE;
				CLANG_CXX_LANGUAGE_STANDARD = "gnu++14";
				CLANG_CXX_LIBRARY = "libc++";
				CLANG_ENABLE_MODULES = YES;
				CLANG_ENABLE_OBJC_ARC = YES;
				CLANG_ENABLE_OBJC_WEAK = YES;
				CLANG_WARN_BLOCK_CAPTURE_AUTORELEASING = YES;
				CLANG_WARN_BOOL_CONVERSION = YES;
				CLANG_WARN_COMMA = YES;
				CLANG_WARN_CONSTANT_CONVERSION = YES;
				CLANG_WARN_DEPRECATED_OBJC_IMPLEMENTATIONS = YES;
				CLANG_WARN_DIRECT_OBJC_ISA_USAGE = YES_ERROR;
				CLANG_WARN_DOCUMENTATION_COMMENTS = YES;
				CLANG_WARN_EMPTY_BODY = YES;
				CLANG_WARN_ENUM_CONVERSION = YES;
				CLANG_WARN_INFINITE_RECURSION = YES;
				CLANG_WARN_INT_CONVERSION = YES;
				CLANG_WARN_NON_LITERAL_NULL_CONVERSION = YES;
				CLANG_WARN_OBJC_IMPLICIT_RETAIN_SELF = YES;
				CLANG_WARN_OBJC_LITERAL_CONVERSION = YES;
				CLANG_WARN_OBJC_ROOT_CLASS = YES_ERROR;
				CLANG_WARN_QUOTED_INCLUDE_IN_FRAMEWORK_HEADER = YES;
				CLANG_WARN_RANGE_LOOP_ANALYSIS = YES;
				CLANG_WARN_STRICT_PROTOTYPES = YES;
				CLANG_WARN_SUSPICIOUS_MOVE = YES;
				CLANG_WARN_UNGUARDED_AVAILABILITY = YES_AGGRESSIVE;
				CLANG_WARN_UNREACHABLE_CODE = YES;
				CLANG_WARN__DUPLICATE_METHOD_MATCH = YES;
				CODE_SIGN_STYLE = Automatic;
				COPY_PHASE_STRIP = NO;
				CURRENT_PROJECT_VERSION = 2;
				DEBUG_INFORMATION_FORMAT = "dwarf-with-dsym";
				DEVELOPMENT_TEAM = DUHVN68KBA;
				ENABLE_NS_ASSERTIONS = NO;
				ENABLE_STRICT_OBJC_MSGSEND = YES;
				ENABLE_USER_SCRIPT_SANDBOXING = YES;
				GCC_C_LANGUAGE_STANDARD = gnu11;
				GCC_NO_COMMON_BLOCKS = YES;
				GCC_TREAT_WARNINGS_AS_ERRORS = YES;
				GCC_WARN_64_TO_32_BIT_CONVERSION = YES;
				GCC_WARN_ABOUT_RETURN_TYPE = YES_ERROR;
				GCC_WARN_UNDECLARED_SELECTOR = YES;
				GCC_WARN_UNINITIALIZED_AUTOS = YES_AGGRESSIVE;
				GCC_WARN_UNUSED_FUNCTION = YES;
				GCC_WARN_UNUSED_VARIABLE = YES;
				IPHONEOS_DEPLOYMENT_TARGET = 26.0;
				LOCALIZATION_PREFERS_STRING_CATALOGS = YES;
				MARKETING_VERSION = 1.0;
				MTL_ENABLE_DEBUG_INFO = NO;
				MTL_FAST_MATH = YES;
				PRODUCT_NAME = "$(TARGET_NAME)";
				SDKROOT = iphoneos;
				STRING_CATALOG_GENERATE_SYMBOLS = NO;
				SWIFT_APPROACHABLE_CONCURRENCY = YES;
				SWIFT_COMPILATION_MODE = wholemodule;
				SWIFT_EMIT_LOC_STRINGS = YES;
				SWIFT_OPTIMIZATION_LEVEL = "-O";
				SWIFT_TREAT_WARNINGS_AS_ERRORS = YES;
				SWIFT_VERSION = 6.0;
				TARGETED_DEVICE_FAMILY = 1;
			};
			name = Release;
		};
		E9F786CC0E54B93BE69F1F1A /* Debug */ = {
			isa = XCBuildConfiguration;
			buildSettings = {
				CODE_SIGN_ENTITLEMENTS = Config/NyxWidgets.entitlements;
				ENABLE_PREVIEWS = YES;
				GENERATE_INFOPLIST_FILE = YES;
				INFOPLIST_FILE = "Config/NyxWidgets-Info.plist";
				INFOPLIST_KEY_CFBundleDisplayName = Nyx;
				LD_RUNPATH_SEARCH_PATHS = "$(inherited) @executable_path/Frameworks @executable_path/../../Frameworks";
				PRODUCT_BUNDLE_IDENTIFIER = com.harrypakhale.nyx.widgets;
				SDKROOT = iphoneos;
				SKIP_INSTALL = YES;
				SWIFT_DEFAULT_ACTOR_ISOLATION = MainActor;
				TARGETED_DEVICE_FAMILY = 1;
			};
			name = Debug;
		};
/* End XCBuildConfiguration section */

/* Begin XCConfigurationList section */
		35DBE5EFDB6C5F8237D10EDD /* Build configuration list for PBXProject "Nyx" */ = {
			isa = XCConfigurationList;
			buildConfigurations = (
				B71EF4A52132F8E45AC167F2 /* Debug */,
				D882C546F8C830C90D8D5333 /* Release */,
			);
			defaultConfigurationIsVisible = 0;
			defaultConfigurationName = Debug;
		};
		785C554747E5C87BEE0DE623 /* Build configuration list for PBXNativeTarget "NyxWidgets" */ = {
			isa = XCConfigurationList;
			buildConfigurations = (
				E9F786CC0E54B93BE69F1F1A /* Debug */,
				80A612BD5A59A9A9EED2D89E /* Release */,
			);
			defaultConfigurationIsVisible = 0;
			defaultConfigurationName = Debug;
		};
		95D139A2BAA0499000AEA765 /* Build configuration list for PBXNativeTarget "NyxTests" */ = {
			isa = XCConfigurationList;
			buildConfigurations = (
				568A2686F35CF79DC6FC6544 /* Debug */,
				ACE17A140257E877B5F6BAE7 /* Release */,
			);
			defaultConfigurationIsVisible = 0;
			defaultConfigurationName = Debug;
		};
		D2AE323B373CBF347CAED279 /* Build configuration list for PBXNativeTarget "Nyx" */ = {
			isa = XCConfigurationList;
			buildConfigurations = (
				311460C3516466BB9AB49E67 /* Debug */,
				1DF95B234AD110CC5265BE3E /* Release */,
			);
			defaultConfigurationIsVisible = 0;
			defaultConfigurationName = Debug;
		};
		ED4CF400F3DBEF5B4643E617 /* Build configuration list for PBXNativeTarget "NyxUITests" */ = {
			isa = XCConfigurationList;
			buildConfigurations = (
				83E045E4B4896DCF84D38C73 /* Debug */,
				9AF55E08FC048C0E40968C66 /* Release */,
			);
			defaultConfigurationIsVisible = 0;
			defaultConfigurationName = Debug;
		};
/* End XCConfigurationList section */
	};
	rootObject = 3B2DE3D8B000D0D9ED3C53AC /* Project object */;
}
